<?xml version="1.0" encoding="utf-8"?>
<Project ToolsVersion="4.0" xmlns="http://schemas.microsoft.com/developer/msbuild/2003">
  <ItemGroup>
    <Filter Include="source%28%2a.c%29">
      <UniqueIdentifier>{c86db218-2645-49c2-bc25-bafde61549f5}</UniqueIdentifier>
    </Filter>
    <Filter Include="source%28%2a.c%29\auth">
      <UniqueIdentifier>{b5a5ef41-0b4a-41b3-9e4d-a31a92d73015}</UniqueIdentifier>
    </Filter>
    <Filter Include="source%28%2a.c%29\headers">
      <UniqueIdentifier>{794f946d-055f-48e1-b84b-d9da4dff05cc}</UniqueIdentifier>
    </Filter>
    <Filter Include="source%28%2a.c%29\parsers">
      <UniqueIdentifier>{8b460d0a-4692-4adc-8379-08172f1df072}</UniqueIdentifier>
    </Filter>
    <Filter Include="include%28%2a.h%29">
      <UniqueIdentifier>{bba3f8b6-88a9-4622-924d-ae2d63874be8}</UniqueIdentifier>
    </Filter>
    <Filter Include="include%28%2a.h%29\auth">
      <UniqueIdentifier>{d9d703be-1086-4859-aa85-beef7e7e03c6}</UniqueIdentifier>
    </Filter>
    <Filter Include="include%28%2a.h%29\headers">
      <UniqueIdentifier>{ff075259-3c0d-4182-bb22-28f6fa694c9d}</UniqueIdentifier>
    </Filter>
    <Filter Include="include%28%2a.h%29\parsers">
      <UniqueIdentifier>{bde1559f-847c-4a1e-85a3-9962a761c90f}</UniqueIdentifier>
    </Filter>
    <Filter Include="abnf%28%2a.abnf%29">
      <UniqueIdentifier>{97314d48-9826-4a4f-b635-98aa03741519}</UniqueIdentifier>
    </Filter>
    <Filter Include="ragel%28%2a.rl%29">
      <UniqueIdentifier>{5233c88d-b169-4b08-996a-cf0b4242f079}</UniqueIdentifier>
    </Filter>
  </ItemGroup>
  <ItemGroup>
    <ClCompile Include="src\thttp.c">
      <Filter>source%28%2a.c%29</Filter>
    </ClCompile>
    <ClCompile Include="src\thttp_action.c">
      <Filter>source%28%2a.c%29</Filter>
    </ClCompile>
    <ClCompile Include="src\thttp_dialog.c">
      <Filter>source%28%2a.c%29</Filter>
    </ClCompile>
    <ClCompile Include="src\thttp_event.c">
      <Filter>source%28%2a.c%29</Filter>
    </ClCompile>
    <ClCompile Include="src\thttp_message.c">
      <Filter>source%28%2a.c%29</Filter>
    </ClCompile>
    <ClCompile Include="src\thttp_session.c">
      <Filter>source%28%2a.c%29</Filter>
    </ClCompile>
    <ClCompile Include="src\thttp_url.c">
      <Filter>source%28%2a.c%29</Filter>
    </ClCompile>
    <ClCompile Include="src\auth\thttp_auth.c">
      <Filter>source%28%2a.c%29\auth</Filter>
    </ClCompile>
    <ClCompile Include="src\auth\thttp_challenge.c">
      <Filter>source%28%2a.c%29\auth</Filter>
    </ClCompile>
    <ClCompile Include="src\headers\thttp_header.c">
      <Filter>source%28%2a.c%29\headers</Filter>
    </ClCompile>
    <ClCompile Include="src\headers\thttp_header_Authorization.c">
      <Filter>source%28%2a.c%29\headers</Filter>
    </ClCompile>
    <ClCompile Include="src\headers\thttp_header_Content_Length.c">
      <Filter>source%28%2a.c%29\headers</Filter>
    </ClCompile>
    <ClCompile Include="src\headers\thttp_header_Content_Type.c">
      <Filter>source%28%2a.c%29\headers</Filter>
    </ClCompile>
    <ClCompile Include="src\headers\thttp_header_Dummy.c">
      <Filter>source%28%2a.c%29\headers</Filter>
    </ClCompile>
    <ClCompile Include="src\headers\thttp_header_ETag.c">
      <Filter>source%28%2a.c%29\headers</Filter>
    </ClCompile>
    <ClCompile Include="src\headers\thttp_header_Sec_WebSocket_Accept.c">
      <Filter>source%28%2a.c%29\headers</Filter>
    </ClCompile>
    <ClCompile Include="src\headers\thttp_header_Sec_WebSocket_Key.c">
      <Filter>source%28%2a.c%29\headers</Filter>
    </ClCompile>
    <ClCompile Include="src\headers\thttp_header_Sec_WebSocket_Protocol.c">
      <Filter>source%28%2a.c%29\headers</Filter>
    </ClCompile>
    <ClCompile Include="src\headers\thttp_header_Sec_WebSocket_Version.c">
      <Filter>source%28%2a.c%29\headers</Filter>
    </ClCompile>
    <ClCompile Include="src\headers\thttp_header_Transfer_Encoding.c">
      <Filter>source%28%2a.c%29\headers</Filter>
    </ClCompile>
    <ClCompile Include="src\headers\thttp_header_WWW_Authenticate.c">
      <Filter>source%28%2a.c%29\headers</Filter>
    </ClCompile>
    <ClCompile Include="src\parsers\thttp_parser_header.c">
      <Filter>source%28%2a.c%29\parsers</Filter>
    </ClCompile>
    <ClCompile Include="src\parsers\thttp_parser_message.c">
      <Filter>source%28%2a.c%29\parsers</Filter>
    </ClCompile>
    <ClCompile Include="src\parsers\thttp_parser_url.c">
      <Filter>source%28%2a.c%29\parsers</Filter>
    </ClCompile>
  </ItemGroup>
  <ItemGroup>
    <ClInclude Include="include\thttp.h">
      <Filter>include%28%2a.h%29</Filter>
    </ClInclude>
    <ClInclude Include="include\tinyHTTP\thttp_action.h">
      <Filter>include%28%2a.h%29</Filter>
    </ClInclude>
    <ClInclude Include="include\tinyHTTP\thttp_dialog.h">
      <Filter>include%28%2a.h%29</Filter>
    </ClInclude>
    <ClInclude Include="include\tinyHTTP\thttp_event.h">
      <Filter>include%28%2a.h%29</Filter>
    </ClInclude>
    <ClInclude Include="include\tinyHTTP\thttp_message.h">
      <Filter>include%28%2a.h%29</Filter>
    </ClInclude>
    <ClInclude Include="include\tinyHTTP\thttp_session.h">
      <Filter>include%28%2a.h%29</Filter>
    </ClInclude>
    <ClInclude Include="include\tinyHTTP\thttp_url.h">
      <Filter>include%28%2a.h%29</Filter>
    </ClInclude>
    <ClInclude Include="include\tinyhttp.h">
      <Filter>include%28%2a.h%29</Filter>
    </ClInclude>
    <ClInclude Include="include\tinyhttp_config.h">
      <Filter>include%28%2a.h%29</Filter>
    </ClInclude>
    <ClInclude Include="include\tinyHTTP\auth\thttp_auth.h">
      <Filter>include%28%2a.h%29\auth</Filter>
    </ClInclude>
    <ClInclude Include="include\tinyHTTP\auth\thttp_challenge.h">
      <Filter>include%28%2a.h%29\auth</Filter>
    </ClInclude>
    <ClInclude Include="include\tinyHTTP\headers\thttp_header.h">
      <Filter>include%28%2a.h%29\headers</Filter>
    </ClInclude>
    <ClInclude Include="include\tinyHTTP\headers\thttp_header_Authorization.h">
      <Filter>include%28%2a.h%29\headers</Filter>
    </ClInclude>
    <ClInclude Include="include\tinyHTTP\headers\thttp_header_Content_Length.h">
      <Filter>include%28%2a.h%29\headers</Filter>
    </ClInclude>
    <ClInclude Include="include\tinyHTTP\headers\thttp_header_Content_Type.h">
      <Filter>include%28%2a.h%29\headers</Filter>
    </ClInclude>
    <ClInclude Include="include\tinyHTTP\headers\thttp_header_Dummy.h">
      <Filter>include%28%2a.h%29\headers</Filter>
    </ClInclude>
    <ClInclude Include="include\tinyHTTP\headers\thttp_header_ETag.h">
      <Filter>include%28%2a.h%29\headers</Filter>
    </ClInclude>
    <ClInclude Include="include\tinyhttp\headers\thttp_header_Sec_WebSocket_Accept.h">
      <Filter>include%28%2a.h%29\headers</Filter>
    </ClInclude>
    <ClInclude Include="include\tinyhttp\headers\thttp_header_Sec_WebSocket_Key.h">
      <Filter>include%28%2a.h%29\headers</Filter>
    </ClInclude>
    <ClInclude Include="include\tinyhttp\headers\thttp_header_Sec_WebSocket_Protocol.h">
      <Filter>include%28%2a.h%29\headers</Filter>
    </ClInclude>
    <ClInclude Include="include\tinyhttp\headers\thttp_header_Sec_WebSocket_Version.h">
      <Filter>include%28%2a.h%29\headers</Filter>
    </ClInclude>
    <ClInclude Include="include\tinyHTTP\headers\thttp_header_Transfer_Encoding.h">
      <Filter>include%28%2a.h%29\headers</Filter>
    </ClInclude>
    <ClInclude Include="include\tinyHTTP\headers\thttp_header_WWW_Authenticate.h">
      <Filter>include%28%2a.h%29\headers</Filter>
    </ClInclude>
    <ClInclude Include="include\tinyHTTP\parsers\thttp_parser_header.h">
      <Filter>include%28%2a.h%29\parsers</Filter>
    </ClInclude>
    <ClInclude Include="include\tinyHTTP\parsers\thttp_parser_message.h">
      <Filter>include%28%2a.h%29\parsers</Filter>
    </ClInclude>
    <ClInclude Include="include\tinyHTTP\parsers\thttp_parser_url.h">
      <Filter>include%28%2a.h%29\parsers</Filter>
    </ClInclude>
  </ItemGroup>
  <ItemGroup>
    <None Include="abnf\http.abnf">
      <Filter>abnf%28%2a.abnf%29</Filter>
    </None>
    <None Include="abnf\httpauth.abnf">
      <Filter>abnf%28%2a.abnf%29</Filter>
    </None>
    <None Include="abnf\uri.abnf">
      <Filter>abnf%28%2a.abnf%29</Filter>
    </None>
    <None Include="abnf\ws.abnf">
      <Filter>abnf%28%2a.abnf%29</Filter>
    </None>
    <None Include="ragel\thttp_machine_header.rl">
      <Filter>ragel%28%2a.rl%29</Filter>
    </None>
    <None Include="ragel\thttp_machine_message.rl">
      <Filter>ragel%28%2a.rl%29</Filter>
    </None>
    <None Include="ragel\thttp_machine_utils.rl">
      <Filter>ragel%28%2a.rl%29</Filter>
    </None>
    <None Include="ragel\thttp_machine_ws.rl">
      <Filter>ragel%28%2a.rl%29</Filter>
    </None>
    <None Include="ragel\thttp_parser_header.rl">
      <Filter>ragel%28%2a.rl%29</Filter>
    </None>
    <None Include="ragel\thttp_parser_header_Authorization.rl">
      <Filter>ragel%28%2a.rl%29</Filter>
    </None>
    <None Include="ragel\thttp_parser_header_Content_Length.rl">
      <Filter>ragel%28%2a.rl%29</Filter>
    </None>
    <None Include="ragel\thttp_parser_header_Content_Type.rl">
      <Filter>ragel%28%2a.rl%29</Filter>
    </None>
    <None Include="ragel\thttp_parser_header_Dummy.rl">
      <Filter>ragel%28%2a.rl%29</Filter>
    </None>
    <None Include="ragel\thttp_parser_header_ETag.rl">
      <Filter>ragel%28%2a.rl%29</Filter>
    </None>
    <None Include="ragel\thttp_parser_header_Sec_WebSocket_Accept.rl">
      <Filter>ragel%28%2a.rl%29</Filter>
    </None>
    <None Include="ragel\thttp_parser_header_Sec_WebSocket_Key.rl">
      <Filter>ragel%28%2a.rl%29</Filter>
    </None>
    <None Include="ragel\thttp_parser_header_Sec_WebSocket_Protocol.rl">
      <Filter>ragel%28%2a.rl%29</Filter>
    </None>
    <None Include="ragel\thttp_parser_header_Sec_WebSocket_Version.rl">
      <Filter>ragel%28%2a.rl%29</Filter>
    </None>
    <None Include="ragel\thttp_parser_header_Transfer_Encoding.rl">
      <Filter>ragel%28%2a.rl%29</Filter>
    </None>
    <None Include="ragel\thttp_parser_header_WWW_Authenticate.rl">
      <Filter>ragel%28%2a.rl%29</Filter>
    </None>
    <None Include="ragel\thttp_parser_message.rl">
      <Filter>ragel%28%2a.rl%29</Filter>
    </None>
    <None Include="ragel\thttp_parser_url.rl">
      <Filter>ragel%28%2a.rl%29</Filter>
    </None>
  </ItemGroup>
</Project>