<?xml version="1.0" encoding="utf-8"?>
<Project ToolsVersion="4.0" xmlns="http://schemas.microsoft.com/developer/msbuild/2003">
  <ItemGroup>
    <Filter Include="source%28%2a.c%29">
      <UniqueIdentifier>{1df95a7b-0d50-44eb-84dd-b0f8dd9f6bda}</UniqueIdentifier>
    </Filter>
    <Filter Include="include%28%2a.h%29">
      <UniqueIdentifier>{cc137119-83ee-451a-a8e0-f8297218902c}</UniqueIdentifier>
    </Filter>
  </ItemGroup>
  <ItemGroup>
    <ClCompile Include="src\tipsec.c">
      <Filter>source%28%2a.c%29</Filter>
    </ClCompile>
    <ClCompile Include="src\tipsec_common.c">
      <Filter>source%28%2a.c%29</Filter>
    </ClCompile>
    <ClCompile Include="src\tipsec_racoon.c">
      <Filter>source%28%2a.c%29</Filter>
    </ClCompile>
    <ClCompile Include="src\tipsec_vista.c">
      <Filter>source%28%2a.c%29</Filter>
    </ClCompile>
    <ClCompile Include="src\tipsec_xp.c">
      <Filter>source%28%2a.c%29</Filter>
    </ClCompile>
  </ItemGroup>
  <ItemGroup>
    <ClInclude Include="src\tinyipsec_config.h">
      <Filter>include%28%2a.h%29</Filter>
    </ClInclude>
    <ClInclude Include="src\tipsec.h">
      <Filter>include%28%2a.h%29</Filter>
    </ClInclude>
    <ClInclude Include="src\tipsec_common.h">
      <Filter>include%28%2a.h%29</Filter>
    </ClInclude>
    <ClInclude Include="src\tipsec_racoon.h">
      <Filter>include%28%2a.h%29</Filter>
    </ClInclude>
    <ClInclude Include="src\tipsec_vista.h">
      <Filter>include%28%2a.h%29</Filter>
    </ClInclude>
    <ClInclude Include="src\tipsec_xp.h">
      <Filter>include%28%2a.h%29</Filter>
    </ClInclude>
  </ItemGroup>
</Project>